// !$*UTF8*$!
{
	archiveVersion = 1;
	classes = {
	};
	objectVersion = 50;
	objects = {

/* Begin PBXBuildFile section */
		201D54E422EEE4100053E761 /* AppDelegate.swift in Sources */ = {isa = PBXBuildFile; fileRef = 201D54E322EEE4100053E761 /* AppDelegate.swift */; };
		201D54E622EEE4100053E761 /* ViewController.swift in Sources */ = {isa = PBXBuildFile; fileRef = 201D54E522EEE4100053E761 /* ViewController.swift */; };
		201D54E922EEE4100053E761 /* Main.storyboard in Resources */ = {isa = PBXBuildFile; fileRef = 201D54E722EEE4100053E761 /* Main.storyboard */; };
		201D54EB22EEE4190053E761 /* Assets.xcassets in Resources */ = {isa = PBXBuildFile; fileRef = 201D54EA22EEE4190053E761 /* Assets.xcassets */; };
		201D54EE22EEE4190053E761 /* LaunchScreen.storyboard in Resources */ = {isa = PBXBuildFile; fileRef = 201D54EC22EEE4190053E761 /* LaunchScreen.storyboard */; };
/* End PBXBuildFile section */

/* Begin PBXFileReference section */
		201D54E022EEE4100053E761 /* MyMovieChart-SpinOff.app */ = {isa = PBXFileReference; explicitFileType = wrapper.application; includeInIndex = 0; path = "MyMovieChart-SpinOff.app"; sourceTree = BUILT_PRODUCTS_DIR; };
		201D54E322EEE4100053E761 /* AppDelegate.swift */ = {isa = PBXFileReference; lastKnownFileType = sourcecode.swift; path = AppDelegate.swift; sourceTree = "<group>"; };
		201D54E522EEE4100053E761 /* ViewController.swift */ = {isa = PBXFileReference; lastKnownFileType = sourcecode.swift; path = ViewController.swift; sourceTree = "<group>"; };
		201D54E822EEE4100053E761 /* Base */ = {isa = PBXFileReference; lastKnownFileType = file.storyboard; name = Base; path = Base.lproj/Main.storyboard; sourceTree = "<group>"; };
		201D54EA22EEE4190053E761 /* Assets.xcassets */ = {isa = PBXFileReference; lastKnownFileType = folder.assetcatalog; path = Assets.xcassets; sourceTree = "<group>"; };
		201D54ED22EEE4190053E761 /* Base */ = {isa = PBXFileReference; lastKnownFileType = file.storyboard; name = Base; path = Base.lproj/LaunchScreen.storyboard; sourceTree = "<group>"; };
		201D54EF22EEE4190053E761 /* Info.plist */ = {isa = PBXFileReference; lastKnownFileType = text.plist.xml; path = Info.plist; sourceTree = "<group>"; };
/* End PBXFileReference section */

/* Begin PBXFrameworksBuildPhase section */
		201D54DD22EEE4100053E761 /* Frameworks */ = {
			isa = PBXFrameworksBuildPhase;
			buildActionMask = 2147483647;
			files = (
			);
			runOnlyForDeploymentPostprocessing = 0;
		};
/* End PBXFrameworksBuildPhase section */

/* Begin PBXGroup section */
		201D54D722EEE40F0053E761 = {
			isa = PBXGroup;
			children = (
				201D54E222EEE4100053E761 /* MyMovieChart-SpinOff */,
				201D54E122EEE4100053E761 /* Products */,
			);
			sourceTree = "<group>";
		};
		201D54E122EEE4100053E761 /* Products */ = {
			isa = PBXGroup;
			children = (
				201D54E022EEE4100053E761 /* MyMovieChart-SpinOff.app */,
			);
			name = Products;
			sourceTree = "<group>";
		};
		201D54E222EEE4100053E761 /* MyMovieChart-SpinOff */ = {
			isa = PBXGroup;
			children = (
				201D54E322EEE4100053E761 /* AppDelegate.swift */,
				201D54E522EEE4100053E761 /* ViewController.swift */,
				201D54E722EEE4100053E761 /* Main.storyboard */,
				201D54EA22EEE4190053E761 /* Assets.xcassets */,
				201D54EC22EEE4190053E761 /* LaunchScreen.storyboard */,
				201D54EF22EEE4190053E761 /* Info.plist */,
			);
			path = "MyMovieChart-SpinOff";
			sourceTree = "<group>";
		};
/* End PBXGroup section */

/* Begin PBXNativeTarget section */
		201D54DF22EEE4100053E761 /* MyMovieChart-SpinOff */ = {
			isa = PBXNativeTarget;
			buildConfigurationList = 201D54F222EEE4190053E761 /* Build configuration list for PBXNativeTarget "MyMovieChart-SpinOff" */;
			buildPhases = (
				201D54DC22EEE4100053E761 /* Sources */,
				201D54DD22EEE4100053E761 /* Frameworks */,
				201D54DE22EEE4100053E761 /* Resources */,
			);
			buildRules = (
			);
			dependencies = (
			);
			name = "MyMovieChart-SpinOff";
			productName = "MyMovieChart-SpinOff";
			productReference = 201D54E022EEE4100053E761 /* MyMovieChart-SpinOff.app */;
			productType = "com.apple.product-type.application";
		};
/* End PBXNativeTarget section */

/* Begin PBXProject section */
		201D54D822EEE4100053E761 /* Project object */ = {
			isa = PBXProject;
			attributes = {
				LastSwiftUpdateCheck = 1030;
				LastUpgradeCheck = 1030;
				ORGANIZATIONNAME = G4ENG;
				TargetAttributes = {
					201D54DF22EEE4100053E761 = {
						CreatedOnToolsVersion = 10.3;
					};
				};
			};
			buildConfigurationList = 201D54DB22EEE4100053E761 /* Build configuration list for PBXProject "MyMovieChart-SpinOff" */;
			compatibilityVersion = "Xcode 9.3";
			developmentRegion = en;
			hasScannedForEncodings = 0;
			knownRegions = (
				en,
				Base,
			);
			mainGroup = 201D54D722EEE40F0053E761;
			productRefGroup = 201D54E122EEE4100053E761 /* Products */;
			projectDirPath = "";
			projectRoot = "";
			targets = (
				201D54DF22EEE4100053E761 /* MyMovieChart-SpinOff */,
			);
		};
/* End PBXProject section */

/* Begin PBXResourcesBuildPhase section */
		201D54DE22EEE4100053E761 /* Resources */ = {
			isa = PBXResourcesBuildPhase;
			buildActionMask = 2147483647;
			files = (
				201D54EE22EEE4190053E761 /* LaunchScreen.storyboard in Resources */,
				201D54EB22EEE4190053E761 /* Assets.xcassets in Resources */,
				201D54E922EEE4100053E761 /* Main.storyboard in Resources */,
			);
			runOnlyForDeploymentPostprocessing = 0;
		};
/* End PBXResourcesBuildPhase section */

/* Begin PBXSourcesBuildPhase section */
		201D54DC22EEE4100053E761 /* Sources */ = {
			isa = PBXSourcesBuildPhase;
			buildActionMask = 2147483647;
			files = (
				201D54E622EEE4100053E761 /* ViewController.swift in Sources */,
				201D54E422EEE4100053E761 /* AppDelegate.swift in Sources */,
			);
			runOnlyForDeploymentPostprocessing = 0;
		};
/* End PBXSourcesBuildPhase section */

/* Begin PBXVariantGroup section */
		201D54E722EEE4100053E761 /* Main.storyboard */ = {
			isa = PBXVariantGroup;
			children = (
				201D54E822EEE4100053E761 /* Base */,
			);
			name = Main.storyboard;
			sourceTree = "<group>";
		};
		201D54EC22EEE4190053E761 /* LaunchScreen.storyboard */ = {
			isa = PBXVariantGroup;
			children = (
				201D54ED22EEE4190053E761 /* Base */,
			);
			name = LaunchScreen.storyboard;
			sourceTree = "<group>";
		};
/* End PBXVariantGroup section */

/* Begin XCBuildConfiguration section */
		201D54F022EEE4190053E761 /* Debug */ = {
			isa = XCBuildConfiguration;
			buildSettings = {
				ALWAYS_SEARCH_USER_PATHS = NO;
				CLANG_ANALYZER_NONNULL = YES;
				CLANG_ANALYZER_NUMBER_OBJECT_CONVERSION = YES_AGGRESSIVE;
				CLANG_CXX_LANGUAGE_STANDARD = "gnu++14";
				CLANG_CXX_LIBRARY = "libc++";
				CLANG_ENABLE_MODULES = YES;
				CLANG_ENABLE_OBJC_ARC = YES;
				CLANG_ENABLE_OBJC_WEAK = YES;
				CLANG_WARN_BLOCK_CAPTURE_AUTORELEASING = YES;
				CLANG_WARN_BOOL_CONVERSION = YES;
				CLANG_WARN_COMMA = YES;
				CLANG_WARN_CONSTANT_CONVERSION = YES;
				CLANG_WARN_DEPRECATED_OBJC_IMPLEMENTATIONS = YES;
				CLANG_WARN_DIRECT_OBJC_ISA_USAGE = YES_ERROR;
				CLANG_WARN_DOCUMENTATION_COMMENTS = YES;
				CLANG_WARN_EMPTY_BODY = YES;
				CLANG_WARN_ENUM_CONVERSION = YES;
				CLANG_WARN_INFINITE_RECURSION = YES;
				CLANG_WARN_INT_CONVERSION = YES;
				CLANG_WARN_NON_LITERAL_NULL_CONVERSION = YES;
				CLANG_WARN_OBJC_IMPLICIT_RETAIN_SELF = YES;
				CLANG_WARN_OBJC_LITERAL_CONVERSION = YES;
				CLANG_WARN_OBJC_ROOT_CLASS = YES_ERROR;
				CLANG_WARN_RANGE_LOOP_ANALYSIS = YES;
				CLANG_WARN_STRICT_PROTOTYPES = YES;
				CLANG_WARN_SUSPICIOUS_MOVE = YES;
				CLANG_WARN_UNGUARDED_AVAILABILITY = YES_AGGRESSIVE;
				CLANG_WARN_UNREACHABLE_CODE = YES;
				CLANG_WARN__DUPLICATE_METHOD_MATCH = YES;
				CODE_SIGN_IDENTITY = "iPhone Developer";
				COPY_PHASE_STRIP = NO;
				DEBUG_INFORMATION_FORMAT = dwarf;
				ENABLE_STRICT_OBJC_MSGSEND = YES;
				ENABLE_TESTABILITY = YES;
				GCC_C_LANGUAGE_STANDARD = gnu11;
				GCC_DYNAMIC_NO_PIC = NO;
				GCC_NO_COMMON_BLOCKS = YES;
				GCC_OPTIMIZATION_LEVEL = 0;
				GCC_PREPROCESSOR_DEFINITIONS = (
					"DEBUG=1",
					"$(inherited)",
				);
				GCC_WARN_64_TO_32_BIT_CONVERSION = YES;
				GCC_WARN_ABOUT_RETURN_TYPE = YES_ERROR;
				GCC_WARN_UNDECLARED_SELECTOR = YES;
				GCC_WARN_UNINITIALIZED_AUTOS = YES_AGGRESSIVE;
				GCC_WARN_UNUSED_FUNCTION = YES;
				GCC_WARN_UNUSED_VARIABLE = YES;
				IPHONEOS_DEPLOYMENT_TARGET = 12.4;
				MTL_ENABLE_DEBUG_INFO = INCLUDE_SOURCE;
				MTL_FAST_MATH = YES;
				ONLY_ACTIVE_ARCH = YES;
				SDKROOT = iphoneos;
				SWIFT_ACTIVE_COMPILATION_CONDITIONS = DEBUG;
				SWIFT_OPTIMIZATION_LEVEL = "-Onone";
			};
			name = Debug;
		};
		201D54F122EEE4190053E761 /* Release */ = {
			isa = XCBuildConfiguration;
			buildSettings = {
				ALWAYS_SEARCH_USER_PATHS = NO;
				CLANG_ANALYZER_NONNULL = YES;
				CLANG_ANALYZER_NUMBER_OBJECT_CONVERSION = YES_AGGRESSIVE;
				CLANG_CXX_LANGUAGE_STANDARD = "gnu++14";
				CLANG_CXX_LIBRARY = "libc++";
				CLANG_ENABLE_MODULES = YES;
				CLANG_ENABLE_OBJC_ARC = YES;
				CLANG_ENABLE_OBJC_WEAK = YES;
				CLANG_WARN_BLOCK_CAPTURE_AUTORELEASING = YES;
				CLANG_WARN_BOOL_CONVERSION = YES;
				CLANG_WARN_COMMA = YES;
				CLANG_WARN_CONSTANT_CONVERSION = YES;
				CLANG_WARN_DEPRECATED_OBJC_IMPLEMENTATIONS = YES;
				CLANG_WARN_DIRECT_OBJC_ISA_USAGE = YES_ERROR;
				CLANG_WARN_DOCUMENTATION_COMMENTS = YES;
				CLANG_WARN_EMPTY_BODY = YES;
				CLANG_WARN_ENUM_CONVERSION = YES;
				CLANG_WARN_INFINITE_RECURSION = YES;
				CLANG_WARN_INT_CONVERSION = YES;
				CLANG_WARN_NON_LITERAL_NULL_CONVERSION = YES;
				CLANG_WARN_OBJC_IMPLICIT_RETAIN_SELF = YES;
				CLANG_WARN_OBJC_LITERAL_CONVERSION = YES;
				CLANG_WARN_OBJC_ROOT_CLASS = YES_ERROR;
				CLANG_WARN_RANGE_LOOP_ANALYSIS = YES;
				CLANG_WARN_STRICT_PROTOTYPES = YES;
				CLANG_WARN_SUSPICIOUS_MOVE = YES;
				CLANG_WARN_UNGUARDED_AVAILABILITY = YES_AGGRESSIVE;
				CLANG_WARN_UNREACHABLE_CODE = YES;
				CLANG_WARN__DUPLICATE_METHOD_MATCH = YES;
				CODE_SIGN_IDENTITY = "iPhone Developer";
				COPY_PHASE_STRIP = NO;
				DEBUG_INFORMATION_FORMAT = "dwarf-with-dsym";
				ENABLE_NS_ASSERTIONS = NO;
				ENABLE_STRICT_OBJC_MSGSEND = YES;
				GCC_C_LANGUAGE_STANDARD = gnu11;
				GCC_NO_COMMON_BLOCKS = YES;
				GCC_WARN_64_TO_32_BIT_CONVERSION = YES;
				GCC_WARN_ABOUT_RETURN_TYPE = YES_ERROR;
				GCC_WARN_UNDECLARED_SELECTOR = YES;
				GCC_WARN_UNINITIALIZED_AUTOS = YES_AGGRESSIVE;
				GCC_WARN_UNUSED_FUNCTION = YES;
				GCC_WARN_UNUSED_VARIABLE = YES;
				IPHONEOS_DEPLOYMENT_TARGET = 12.4;
				MTL_ENABLE_DEBUG_INFO = NO;
				MTL_FAST_MATH = YES;
				SDKROOT = iphoneos;
				SWIFT_COMPILATION_MODE = wholemodule;
				SWIFT_OPTIMIZATION_LEVEL = "-O";
				VALIDATE_PRODUCT = YES;
			};
			name = Release;
		};
		201D54F322EEE4190053E761 /* Debug */ = {
			isa = XCBuildConfiguration;
			buildSettings = {
				ASSETCATALOG_COMPILER_APPICON_NAME = AppIcon;
				CODE_SIGN_STYLE = Automatic;
				INFOPLIST_FILE = "MyMovieChart-SpinOff/Info.plist";
				LD_RUNPATH_SEARCH_PATHS = (
					"$(inherited)",
					"@executable_path/Frameworks",
				);
				PRODUCT_BUNDLE_IDENTIFIER = "com.G4ENG.MyMovieChart-SpinOff";
				PRODUCT_NAME = "$(TARGET_NAME)";
				SWIFT_VERSION = 5.0;
				TARGETED_DEVICE_FAMILY = 1;
			};
			name = Debug;
		};
		201D54F422EEE4190053E761 /* Release */ = {
			isa = XCBuildConfiguration;
			buildSettings = {
				ASSETCATALOG_COMPILER_APPICON_NAME = AppIcon;
				CODE_SIGN_STYLE = Automatic;
				INFOPLIST_FILE = "MyMovieChart-SpinOff/Info.plist";
				LD_RUNPATH_SEARCH_PATHS = (
					"$(inherited)",
					"@executable_path/Frameworks",
				);
				PRODUCT_BUNDLE_IDENTIFIER = "com.G4ENG.MyMovieChart-SpinOff";
				PRODUCT_NAME = "$(TARGET_NAME)";
				SWIFT_VERSION = 5.0;
				TARGETED_DEVICE_FAMILY = 1;
			};
			name = Release;
		};
/* End XCBuildConfiguration section */

/* Begin XCConfigurationList section */
		201D54DB22EEE4100053E761 /* Build configuration list for PBXProject "MyMovieChart-SpinOff" */ = {
			isa = XCConfigurationList;
			buildConfigurations = (
				201D54F022EEE4190053E761 /* Debug */,
				201D54F122EEE4190053E761 /* Release */,
			);
			defaultConfigurationIsVisible = 0;
			defaultConfigurationName = Release;
		};
		201D54F222EEE4190053E761 /* Build configuration list for PBXNativeTarget "MyMovieChart-SpinOff" */ = {
			isa = XCConfigurationList;
			buildConfigurations = (
				201D54F322EEE4190053E761 /* Debug */,
				201D54F422EEE4190053E761 /* Release */,
			);
			defaultConfigurationIsVisible = 0;
			defaultConfigurationName = Release;
		};
/* End XCConfigurationList section */
	};
	rootObject = 201D54D822EEE4100053E761 /* Project object */;
}
